
Microsoft Visual Studio Solution File, Format Version 12.00
# Visual Studio Version 17
VisualStudioVersion = 17.10.34916.146
MinimumVisualStudioVersion = 10.0.40219.1
Project("{FAE04EC0-301F-11D3-BF4B-00C04F79EFBC}") = "PublicHolidayTracker", "PublicHolidayTracker\PublicHolidayTracker.csproj", "{93D12891-82B5-40B2-85E9-FFABC0A48E3D}"
EndProject
Global
	GlobalSection(SolutionConfigurationPlatforms) = preSolution
		Debug|Any CPU = Debug|Any CPU
		Release|Any CPU = Release|Any CPU
	EndGlobalSection
	GlobalSection(ProjectConfigurationPlatforms) = postSolution
		{93D12891-82B5-40B2-85E9-FFABC0A48E3D}.Debug|Any CPU.ActiveCfg = Debug|Any CPU
		{93D12891-82B5-40B2-85E9-FFABC0A48E3D}.Debug|Any CPU.Build.0 = Debug|Any CPU
		{93D12891-82B5-40B2-85E9-FFABC0A48E3D}.Release|Any CPU.ActiveCfg = Release|Any CPU
		{93D12891-82B5-40B2-85E9-FFABC0A48E3D}.Release|Any CPU.Build.0 = Release|Any CPU
	EndGlobalSection
	GlobalSection(SolutionProperties) = preSolution
		HideSolutionNode = FALSE
	EndGlobalSection
	GlobalSection(ExtensibilityGlobals) = postSolution
		SolutionGuid = {71B5702D-33C4-414D-A56C-48F2952DE5A8}
	EndGlobalSection
EndGlobal
